# This file is autogenerated, do not edit; changes may be undone by the next 'dep ensure'.


[[projects]]
  branch = "master"
  digest = "1:982f7e3a931bd333adbdac86ad5ae44afdd5e987872f8ecba53bb48fe5a30561"
  name = "github.com/Dieterbe/profiletrigger"
  packages = [
    "cpu",
    "heap",
  ]
  pruneopts = "UT"
  revision = "c507ee16f324a7fac721cda98a75e2b9596b7d0e"

[[projects]]
  digest = "1:e92f5581902c345eb4ceffdcd4a854fb8f73cf436d47d837d1ec98ef1fe0a214"
  name = "github.com/StackExchange/wmi"
  packages = ["."]
  pruneopts = "UT"
  revision = "5d049714c4a64225c3c79a7cf7d02f7fb5b96338"
  version = "1.0.0"

[[projects]]
  digest = "1:d667151d56b95b77e88d256bed8c021287cb9f745fdc49696498178da535ada7"
  name = "github.com/aws/aws-sdk-go"
  packages = [
    "aws",
    "aws/awserr",
    "aws/awsutil",
    "aws/client",
    "aws/client/metadata",
    "aws/corehandlers",
    "aws/credentials",
    "aws/credentials/ec2rolecreds",
    "aws/credentials/endpointcreds",
    "aws/credentials/stscreds",
    "aws/csm",
    "aws/defaults",
    "aws/ec2metadata",
    "aws/endpoints",
    "aws/request",
    "aws/session",
    "aws/signer/v4",
    "internal/ini",
    "internal/sdkio",
    "internal/sdkrand",
    "internal/sdkuri",
    "internal/shareddefaults",
    "private/protocol",
    "private/protocol/json/jsonutil",
    "private/protocol/jsonrpc",
    "private/protocol/query",
    "private/protocol/query/queryutil",
    "private/protocol/rest",
    "private/protocol/xml/xmlutil",
    "service/kinesis",
    "service/sts",
  ]
  pruneopts = "UT"
  revision = "47607acdb3657d60debbfa33f328dc9801fb3cfd"
  version = "v1.15.74"

[[projects]]
  branch = "master"
  digest = "1:0ad5484a25fbd88409bae8b8b19134135fe73d3cb00e45d3255280b2ab975fcc"
  name = "github.com/benbjohnson/clock"
  packages = ["."]
  pruneopts = "UT"
  revision = "7dc76406b6d3c05b5f71a86293cbcf3c4ea03b19"

[[projects]]
  branch = "master"
  digest = "1:a62ed5652809849ef751c513989885ad79a104152bca9f3a8df23f38f839cb06"
  name = "github.com/bmizerany/assert"
  packages = ["."]
  pruneopts = "UT"
  revision = "b7ed37b82869576c289d7d97fb2bbd8b64a0cb28"

[[projects]]
  branch = "master"
  digest = "1:638399c0395a9a9f8511a7e14e9a72488d9040e8a1c15ab093bb3f5af0af133c"
  name = "github.com/glacjay/goini"
  packages = ["."]
  pruneopts = "UT"
  revision = "fd3024d87ee21a36d3ccc4367f509fec89cd90ee"

[[projects]]
  digest = "1:64a5a67c69b70c2420e607a8545d674a23778ed9c3e80607bfd17b77c6c87f6a"
  name = "github.com/go-ole/go-ole"
  packages = [
    ".",
    "oleutil",
  ]
  pruneopts = "UT"
  revision = "a41e3c4b706f6ae8dfbff342b06e40fa4d2d0506"
  version = "v1.2.1"

[[projects]]
  branch = "master"
  digest = "1:4a0c6bb4805508a6287675fac876be2ac1182539ca8a32468d8128882e9d5009"
  name = "github.com/golang/snappy"
  packages = ["."]
  pruneopts = "UT"
  revision = "2e65f85255dbc3072edf28d6b5b8efc472979f5a"

[[projects]]
  branch = "master"
  digest = "1:fb28c49438f3c2b68ae0da1e91e9d2c9e5ad31514e324c42a0f60eed43a19702"
  name = "github.com/grafana/globalconf"
  packages = ["."]
  pruneopts = "UT"
  revision = "1dcfee16dd532cf6206e704d3ae6ca31ff4c6df7"

[[projects]]
  digest = "1:e22af8c7518e1eab6f2eab2b7d7558927f816262586cd6ed9f349c97a6c285c4"
  name = "github.com/jmespath/go-jmespath"
  packages = ["."]
  pruneopts = "UT"
  revision = "0b12d6b5"

[[projects]]
  digest = "1:b6bbd2f9e0724bd81890c8644259f920c6d61c08453978faff0bebd25f3e7d3e"
  name = "github.com/jpillora/backoff"
  packages = ["."]
  pruneopts = "UT"
  revision = "8eab2debe79d12b7bd3d10653910df25fa9552ba"
  version = "1.0.0"

[[projects]]
  digest = "1:ca955a9cd5b50b0f43d2cc3aeb35c951473eeca41b34eb67507f1dbcc0542394"
  name = "github.com/kr/pretty"
  packages = ["."]
  pruneopts = "UT"
  revision = "73f6ac0b30a98e433b289500d779f50c1a6f0712"
  version = "v0.1.0"

[[projects]]
  digest = "1:15b5cc79aad436d47019f814fde81a10221c740dc8ddf769221a65097fb6c2e9"
  name = "github.com/kr/text"
  packages = ["."]
  pruneopts = "UT"
  revision = "e2ffdb16a802fe2bb95e2e35ff34f0e53aeef34f"
  version = "v0.1.0"

[[projects]]
  branch = "master"
  digest = "1:fbf2e13dbd89ee228a027b6f49cc139731496b7e910d458d0ff95f95fe3c6250"
  name = "github.com/metrics20/go-metrics20"
  packages = ["carbon20"]
  pruneopts = "UT"
  revision = "717ed3a27bf9f8d2469e7ea5b36037a4793eee44"

[[projects]]
  digest = "1:5e73b34a27d827212102605789de00bd411b2e434812133c83935fe9897c75e1"
  name = "github.com/philhofer/fwd"
  packages = ["."]
  pruneopts = "UT"
  revision = "bb6d471dc95d4fe11e432687f8b70ff496cf3136"
  version = "v1.0.0"

[[projects]]
  branch = "master"
  digest = "1:8b05e860c2a5ec86344efcbfd5d14f8964f47fbc81d93826f74c9633afbb9da4"
  name = "github.com/raintank/dur"
  packages = ["."]
  pruneopts = "UT"
  revision = "955e3a77c6a8294c013cb1bf45ed3965e5f19299"

[[projects]]
  digest = "1:d456de3a61bdb023a90d62584b5697f8a905cd82f002cbd683caa5aae1164d26"
  name = "github.com/raintank/schema"
  packages = [
    ".",
    "msg",
  ]
  pruneopts = "UT"
  revision = "0140483a390ec5e52dd79c5d37c699d9cfe6c9f8"
  version = "v2.1"

[[projects]]
  digest = "1:946db283b5540b64c60e7517b5afa54dc148b4672d69b38423a1c8d7fe24f3d1"
  name = "github.com/shirou/gopsutil"
  packages = [
    "cpu",
    "host",
    "internal/common",
    "mem",
    "net",
    "process",
  ]
  pruneopts = "UT"
  revision = "3ec50d2876a36047b2ca39f955ba88fb7a455e92"
  version = "v2.18.10"

[[projects]]
  branch = "master"
  digest = "1:99c6a6dab47067c9b898e8c8b13d130c6ab4ffbcc4b7cc6236c2cd0b1e344f5b"
  name = "github.com/shirou/w32"
  packages = ["."]
  pruneopts = "UT"
  revision = "bb4de0191aa41b5507caa14b0650cdbddcd9280b"

[[projects]]
  digest = "1:eaa6698f44de8f2977e93c9b946e60a8af75f565058658aad2df8032b55c84e5"
  name = "github.com/tinylib/msgp"
  packages = ["msgp"]
  pruneopts = "UT"
  revision = "b2b6a672cf1e5b90748f79b8b81fc8c5cf0571a1"
  version = "1.0.2"

[[projects]]
  branch = "master"
  digest = "1:5e073ab8008a907ec4a82325169a0d369fd4c333ed9cb3691d7bff184e296d12"
  name = "github.com/tv42/topic"
  packages = ["."]
  pruneopts = "UT"
  revision = "aa72cbe81b4823f349da47a4d749cdda61677c09"

[[projects]]
  digest = "1:03aa6e485e528acb119fb32901cf99582c380225fc7d5a02758e08b180cb56c3"
  name = "github.com/ugorji/go"
  packages = ["codec"]
  pruneopts = "UT"
  revision = "b4c50a2b199d93b13dc15e78929cfb23bfdf21ab"
  version = "v1.1.1"

[[projects]]
  branch = "master"
  digest = "1:6a875550c3b582f6c2d7e2ce44aba792511f00016d7c46b0a4fb26f730ef3058"
  name = "golang.org/x/sys"
  packages = [
    "unix",
    "windows",
  ]
  pruneopts = "UT"
  revision = "66b7b1311ac80bbafcd2daeef9a5e6e2cd1e2399"

[solve-meta]
  analyzer-name = "dep"
  analyzer-version = 1
  input-imports = [
    "github.com/Dieterbe/profiletrigger/cpu",
    "github.com/Dieterbe/profiletrigger/heap",
    "github.com/aws/aws-sdk-go/aws",
    "github.com/aws/aws-sdk-go/aws/session",
    "github.com/aws/aws-sdk-go/service/kinesis",
    "github.com/benbjohnson/clock",
    "github.com/bmizerany/assert",
    "github.com/golang/snappy",
    "github.com/grafana/globalconf",
    "github.com/jpillora/backoff",
    "github.com/metrics20/go-metrics20/carbon20",
    "github.com/raintank/dur",
    "github.com/raintank/schema",
    "github.com/raintank/schema/msg",
    "github.com/tv42/topic",
    "github.com/ugorji/go/codec",
  ]
  solver-name = "gps-cdcl"
  solver-version = 1
